<?xml version="1.0" encoding="utf-8"?>
<Project ToolsVersion="4.0" xmlns="http://schemas.microsoft.com/developer/msbuild/2003">
  <ItemGroup>
    <Filter Include="源文件">
      <UniqueIdentifier>{4FC737F1-C7A5-4376-A066-2A32D752A2FF}</UniqueIdentifier>
      <Extensions>cpp;c;cc;cxx;def;odl;idl;hpj;bat;asm;asmx</Extensions>
    </Filter>
    <Filter Include="头文件">
      <UniqueIdentifier>{93995380-89BD-4b04-88EB-625FBE52EBFB}</UniqueIdentifier>
      <Extensions>h;hh;hpp;hxx;hm;inl;inc;xsd</Extensions>
    </Filter>
    <Filter Include="资源文件">
      <UniqueIdentifier>{67DA6AB6-F800-4c08-8B7A-83BB121AAD01}</UniqueIdentifier>
      <Extensions>rc;ico;cur;bmp;dlg;rc2;rct;bin;rgs;gif;jpg;jpeg;jpe;resx;tiff;tif;png;wav;mfcribbon-ms</Extensions>
    </Filter>
    <Filter Include="头文件\雷火盘古2018">
      <UniqueIdentifier>{26f7bd3e-0c37-4d1a-8cba-a145b656042c}</UniqueIdentifier>
    </Filter>
    <Filter Include="头文件\雷火盘古2019">
      <UniqueIdentifier>{8c8a90bf-3182-4e9d-9dee-2d44df139bdb}</UniqueIdentifier>
    </Filter>
    <Filter Include="头文件\网易互娱">
      <UniqueIdentifier>{d5fc6364-4fab-473b-9d53-0ba753f7a110}</UniqueIdentifier>
    </Filter>
    <Filter Include="头文件\网易互娱校招提前批2019">
      <UniqueIdentifier>{2edca491-1aae-44f4-833c-d50057c3f65d}</UniqueIdentifier>
    </Filter>
    <Filter Include="头文件\网易互联网">
      <UniqueIdentifier>{ab1d6a52-9b04-49dd-a17d-af6b7186aec1}</UniqueIdentifier>
    </Filter>
  </ItemGroup>
  <ItemGroup>
    <None Include="ReadMe.md">
      <Filter>资源文件</Filter>
    </None>
  </ItemGroup>
  <ItemGroup>
    <ClInclude Include="src\HorseRace.h">
      <Filter>头文件\雷火盘古2018</Filter>
    </ClInclude>
    <ClInclude Include="src\MaxAccumulate.h">
      <Filter>头文件\雷火盘古2018</Filter>
    </ClInclude>
    <ClInclude Include="src\PushBox.h">
      <Filter>头文件\雷火盘古2018</Filter>
    </ClInclude>
    <ClInclude Include="src\PushBox_2.h">
      <Filter>头文件\雷火盘古2018</Filter>
    </ClInclude>
    <ClInclude Include="src\StringCode.h">
      <Filter>头文件\雷火盘古2018</Filter>
    </ClInclude>
    <ClInclude Include="src\打怪兽.h">
      <Filter>头文件\雷火盘古2019</Filter>
    </ClInclude>
    <ClInclude Include="src\等腰三角形.h">
      <Filter>头文件\雷火盘古2019</Filter>
    </ClInclude>
    <ClInclude Include="src\放小球.h">
      <Filter>头文件\雷火盘古2019</Filter>
    </ClInclude>
    <ClInclude Include="src\字符串计算.h">
      <Filter>头文件\雷火盘古2019</Filter>
    </ClInclude>
    <ClInclude Include="src\时钟.h">
      <Filter>头文件\网易互娱</Filter>
    </ClInclude>
    <ClInclude Include="src\会话列表.h">
      <Filter>头文件\网易互娱</Filter>
    </ClInclude>
    <ClInclude Include="src\字符迷阵.h">
      <Filter>头文件\网易互娱</Filter>
    </ClInclude>
    <ClInclude Include="src\个税缴纳.h">
      <Filter>头文件\网易互娱校招提前批2019</Filter>
    </ClInclude>
    <ClInclude Include="src\密码检查.h">
      <Filter>头文件\网易互娱校招提前批2019</Filter>
    </ClInclude>
    <ClInclude Include="src\电话号码.h">
      <Filter>头文件\网易互娱校招提前批2019</Filter>
    </ClInclude>
    <ClInclude Include="src\找字符串.h">
      <Filter>头文件\网易互联网</Filter>
    </ClInclude>
    <ClInclude Include="src\最小高度差.h">
      <Filter>头文件\网易互联网</Filter>
    </ClInclude>
  </ItemGroup>
  <ItemGroup>
    <ClCompile Include="src\Main.cpp">
      <Filter>源文件</Filter>
    </ClCompile>
  </ItemGroup>
</Project>